{
  "name": "@nile/host-local",
  "version": "0.0.0",
  "lockfileVersion": 3,
  "requires": true,
  "packages": {
    "": {
      "name": "@nile/host-local",
      "version": "0.0.0",
      "dependencies": {
        "@nile/core": "file:../core"
      }
    },
    "../core": {
      "name": "@nile/core",
      "version": "0.0.0",
      "dependencies": {
        "json5": "^2.2.3",
        "pino": "^10.1.0"
      }
    },
    "node_modules/@nile/core": {
      "resolved": "../core",
      "link": true
    }
  }
}
